{
  "version": 4,
  "terraform_version": "0.14.5",
  "serial": 130,
  "lineage": "ef99287b-673f-4400-4ed5-b328989a53bf",
  "outputs": {
    "public_ip_address": {
      "value": "168.61.83.207",
      "type": "string"
    }
  },
  "resources": [
    {
      "mode": "data",
      "type": "azurerm_public_ip",
      "name": "ip",
      "provider": "provider[\"registry.terraform.io/hashicorp/azurerm\"]",
      "instances": [
        {
          "schema_version": 0,
          "attributes": {
            "allocation_method": "Static",
            "domain_name_label": "",
            "fqdn": "",
            "id": "/subscriptions/faa0d560-6d01-471b-9df8-d1874621971f/resourceGroups/adeTesting-ResourceGroup/providers/Microsoft.Network/publicIPAddresses/adeTesting-PublicIP",
            "idle_timeout_in_minutes": 4,
            "ip_address": "168.61.83.207",
            "ip_version": "IPv4",
            "location": "northeurope",
            "name": "adeTesting-PublicIP",
            "resource_group_name": "adeTesting-ResourceGroup",
            "reverse_fqdn": "",
            "sku": "Basic",
            "tags": {},
            "timeouts": null,
            "zones": []
          },
          "sensitive_attributes": []
        }
      ]
    },
    {
      "mode": "managed",
      "type": "azurerm_marketplace_agreement",
      "name": "cloud-infrastructure-services",
      "provider": "provider[\"registry.terraform.io/hashicorp/azurerm\"]",
      "instances": [
        {
          "schema_version": 0,
          "attributes": {
            "id": "/subscriptions/faa0d560-6d01-471b-9df8-d1874621971f/providers/Microsoft.MarketplaceOrdering/agreements/cloud-infrastructure-services/offers/ad-dc-2019/plans/hourly",
            "license_text_link": "https://storelegalterms.blob.core.windows.net/legalterms/3E5ED_legalterms_CLOUD%253a2DINFRASTRUCTURE%253a2DSERVICES%253a24AD%253a2DDC%253a2D2019%253a24HOURLY%253a24T622IBUBKL6J3MHL5NUAWG2XNZ5H5FVSJGLCOC54LB63AGIONYH5CDZVDEYDONEFK2NHKCZROAP7ZU5PLZHXJ5ZNBFEUCBOWWMC4DSY.txt",
            "offer": "ad-dc-2019",
            "plan": "hourly",
            "privacy_policy_link": "https://cloudinfrastructureservices.co.uk/privacy-policy/",
            "publisher": "cloud-infrastructure-services",
            "timeouts": null
          },
          "sensitive_attributes": [],
          "private": "eyJlMmJmYjczMC1lY2FhLTExZTYtOGY4OC0zNDM2M2JjN2M0YzAiOnsiY3JlYXRlIjoxODAwMDAwMDAwMDAwLCJkZWxldGUiOjE4MDAwMDAwMDAwMDAsInJlYWQiOjMwMDAwMDAwMDAwMCwidXBkYXRlIjoxODAwMDAwMDAwMDAwfX0="
        }
      ]
    },
    {
      "mode": "managed",
      "type": "azurerm_network_interface",
      "name": "nic",
      "provider": "provider[\"registry.terraform.io/hashicorp/azurerm\"]",
      "instances": [
        {
          "schema_version": 0,
          "attributes": {
            "applied_dns_servers": [],
            "dns_servers": [],
            "enable_accelerated_networking": false,
            "enable_ip_forwarding": false,
            "id": "/subscriptions/faa0d560-6d01-471b-9df8-d1874621971f/resourceGroups/adeTesting-ResourceGroup/providers/Microsoft.Network/networkInterfaces/adeTesting-NIC",
            "internal_dns_name_label": "",
            "internal_domain_name_suffix": "0c2acahol5supdyp5njlvf3tff.fx.internal.cloudapp.net",
            "ip_configuration": [
              {
                "name": "adeTesting-NICConfg",
                "primary": true,
                "private_ip_address": "10.0.1.4",
                "private_ip_address_allocation": "Dynamic",
                "private_ip_address_version": "IPv4",
                "public_ip_address_id": "/subscriptions/faa0d560-6d01-471b-9df8-d1874621971f/resourceGroups/adeTesting-ResourceGroup/providers/Microsoft.Network/publicIPAddresses/adeTesting-PublicIP",
                "subnet_id": "/subscriptions/faa0d560-6d01-471b-9df8-d1874621971f/resourceGroups/adeTesting-ResourceGroup/providers/Microsoft.Network/virtualNetworks/adeTesting-Vnet/subnets/adeTesting-Subnet"
              }
            ],
            "location": "northeurope",
            "mac_address": "",
            "name": "adeTesting-NIC",
            "private_ip_address": "10.0.1.4",
            "private_ip_addresses": [
              "10.0.1.4"
            ],
            "resource_group_name": "adeTesting-ResourceGroup",
            "tags": null,
            "timeouts": null,
            "virtual_machine_id": ""
          },
          "sensitive_attributes": [],
          "private": "eyJlMmJmYjczMC1lY2FhLTExZTYtOGY4OC0zNDM2M2JjN2M0YzAiOnsiY3JlYXRlIjoxODAwMDAwMDAwMDAwLCJkZWxldGUiOjE4MDAwMDAwMDAwMDAsInJlYWQiOjMwMDAwMDAwMDAwMCwidXBkYXRlIjoxODAwMDAwMDAwMDAwfX0=",
          "dependencies": [
            "azurerm_public_ip.publicip",
            "azurerm_resource_group.rg",
            "azurerm_subnet.subnet",
            "azurerm_virtual_network.vnet"
          ]
        }
      ]
    },
    {
      "mode": "managed",
      "type": "azurerm_network_security_group",
      "name": "nsg",
      "provider": "provider[\"registry.terraform.io/hashicorp/azurerm\"]",
      "instances": [
        {
          "schema_version": 0,
          "attributes": {
            "id": "/subscriptions/faa0d560-6d01-471b-9df8-d1874621971f/resourceGroups/adeTesting-ResourceGroup/providers/Microsoft.Network/networkSecurityGroups/adeTesting-NSG",
            "location": "northeurope",
            "name": "adeTesting-NSG",
            "resource_group_name": "adeTesting-ResourceGroup",
            "security_rule": [
              {
                "access": "Allow",
                "description": "",
                "destination_address_prefix": "*",
                "destination_address_prefixes": [],
                "destination_application_security_group_ids": [],
                "destination_port_range": "53-3269",
                "destination_port_ranges": [],
                "direction": "Inbound",
                "name": "ADServerTCP",
                "priority": 1001,
                "protocol": "Tcp",
                "source_address_prefix": "5.186.154.185/32",
                "source_address_prefixes": [],
                "source_application_security_group_ids": [],
                "source_port_range": "*",
                "source_port_ranges": []
              },
              {
                "access": "Allow",
                "description": "",
                "destination_address_prefix": "*",
                "destination_address_prefixes": [],
                "destination_application_security_group_ids": [],
                "destination_port_range": "53-445",
                "destination_port_ranges": [],
                "direction": "Inbound",
                "name": "ADServerUDP",
                "priority": 1002,
                "protocol": "Udp",
                "source_address_prefix": "5.186.154.185/32",
                "source_address_prefixes": [],
                "source_application_security_group_ids": [],
                "source_port_range": "*",
                "source_port_ranges": []
              }
            ],
            "tags": null,
            "timeouts": null
          },
          "sensitive_attributes": [],
          "private": "eyJlMmJmYjczMC1lY2FhLTExZTYtOGY4OC0zNDM2M2JjN2M0YzAiOnsiY3JlYXRlIjoxODAwMDAwMDAwMDAwLCJkZWxldGUiOjE4MDAwMDAwMDAwMDAsInJlYWQiOjMwMDAwMDAwMDAwMCwidXBkYXRlIjoxODAwMDAwMDAwMDAwfX0=",
          "dependencies": [
            "azurerm_resource_group.rg"
          ]
        }
      ]
    },
    {
      "mode": "managed",
      "type": "azurerm_public_ip",
      "name": "publicip",
      "provider": "provider[\"registry.terraform.io/hashicorp/azurerm\"]",
      "instances": [
        {
          "schema_version": 0,
          "attributes": {
            "allocation_method": "Static",
            "domain_name_label": null,
            "fqdn": null,
            "id": "/subscriptions/faa0d560-6d01-471b-9df8-d1874621971f/resourceGroups/adeTesting-ResourceGroup/providers/Microsoft.Network/publicIPAddresses/adeTesting-PublicIP",
            "idle_timeout_in_minutes": 4,
            "ip_address": "168.61.83.207",
            "ip_version": "IPv4",
            "location": "northeurope",
            "name": "adeTesting-PublicIP",
            "public_ip_prefix_id": null,
            "resource_group_name": "adeTesting-ResourceGroup",
            "reverse_fqdn": null,
            "sku": "Basic",
            "tags": null,
            "timeouts": null,
            "zones": null
          },
          "sensitive_attributes": [],
          "private": "eyJlMmJmYjczMC1lY2FhLTExZTYtOGY4OC0zNDM2M2JjN2M0YzAiOnsiY3JlYXRlIjoxODAwMDAwMDAwMDAwLCJkZWxldGUiOjE4MDAwMDAwMDAwMDAsInJlYWQiOjMwMDAwMDAwMDAwMCwidXBkYXRlIjoxODAwMDAwMDAwMDAwfX0=",
          "dependencies": [
            "azurerm_resource_group.rg"
          ]
        }
      ]
    },
    {
      "mode": "managed",
      "type": "azurerm_resource_group",
      "name": "rg",
      "provider": "provider[\"registry.terraform.io/hashicorp/azurerm\"]",
      "instances": [
        {
          "schema_version": 0,
          "attributes": {
            "id": "/subscriptions/faa0d560-6d01-471b-9df8-d1874621971f/resourceGroups/adeTesting-ResourceGroup",
            "location": "northeurope",
            "name": "adeTesting-ResourceGroup",
            "tags": null,
            "timeouts": null
          },
          "sensitive_attributes": [],
          "private": "eyJlMmJmYjczMC1lY2FhLTExZTYtOGY4OC0zNDM2M2JjN2M0YzAiOnsiY3JlYXRlIjo1NDAwMDAwMDAwMDAwLCJkZWxldGUiOjU0MDAwMDAwMDAwMDAsInJlYWQiOjMwMDAwMDAwMDAwMCwidXBkYXRlIjo1NDAwMDAwMDAwMDAwfX0="
        }
      ]
    },
    {
      "mode": "managed",
      "type": "azurerm_subnet",
      "name": "subnet",
      "provider": "provider[\"registry.terraform.io/hashicorp/azurerm\"]",
      "instances": [
        {
          "schema_version": 0,
          "attributes": {
            "address_prefix": "10.0.1.0/24",
            "address_prefixes": [
              "10.0.1.0/24"
            ],
            "delegation": [],
            "enforce_private_link_endpoint_network_policies": false,
            "enforce_private_link_service_network_policies": false,
            "id": "/subscriptions/faa0d560-6d01-471b-9df8-d1874621971f/resourceGroups/adeTesting-ResourceGroup/providers/Microsoft.Network/virtualNetworks/adeTesting-Vnet/subnets/adeTesting-Subnet",
            "name": "adeTesting-Subnet",
            "resource_group_name": "adeTesting-ResourceGroup",
            "service_endpoint_policy_ids": null,
            "service_endpoints": null,
            "timeouts": null,
            "virtual_network_name": "adeTesting-Vnet"
          },
          "sensitive_attributes": [],
          "private": "eyJlMmJmYjczMC1lY2FhLTExZTYtOGY4OC0zNDM2M2JjN2M0YzAiOnsiY3JlYXRlIjoxODAwMDAwMDAwMDAwLCJkZWxldGUiOjE4MDAwMDAwMDAwMDAsInJlYWQiOjMwMDAwMDAwMDAwMCwidXBkYXRlIjoxODAwMDAwMDAwMDAwfX0=",
          "dependencies": [
            "azurerm_resource_group.rg",
            "azurerm_virtual_network.vnet"
          ]
        }
      ]
    },
    {
      "mode": "managed",
      "type": "azurerm_virtual_machine",
      "name": "vm",
      "provider": "provider[\"registry.terraform.io/hashicorp/azurerm\"]",
      "instances": [
        {
          "schema_version": 0,
          "attributes": {
            "additional_capabilities": [],
            "availability_set_id": null,
            "boot_diagnostics": [],
            "delete_data_disks_on_termination": false,
            "delete_os_disk_on_termination": false,
            "id": "/subscriptions/faa0d560-6d01-471b-9df8-d1874621971f/resourceGroups/adeTesting-ResourceGroup/providers/Microsoft.Compute/virtualMachines/adeTesting-VM",
            "identity": [],
            "license_type": null,
            "location": "northeurope",
            "name": "adeTesting-VM",
            "network_interface_ids": [
              "/subscriptions/faa0d560-6d01-471b-9df8-d1874621971f/resourceGroups/adeTesting-ResourceGroup/providers/Microsoft.Network/networkInterfaces/adeTesting-NIC"
            ],
            "os_profile": [
              {
                "admin_password": "",
                "admin_username": "cgn",
                "computer_name": "adeTesting-VM",
                "custom_data": ""
              }
            ],
            "os_profile_linux_config": [],
            "os_profile_secrets": [],
            "os_profile_windows_config": [
              {
                "additional_unattend_config": [],
                "enable_automatic_upgrades": false,
                "provision_vm_agent": false,
                "timezone": "",
                "winrm": []
              }
            ],
            "plan": [
              {
                "name": "ad-dc-2019",
                "product": "ad-dc-2019",
                "publisher": "cloud-infrastructure-services"
              }
            ],
            "primary_network_interface_id": null,
            "proximity_placement_group_id": null,
            "resource_group_name": "adeTesting-ResourceGroup",
            "storage_data_disk": [],
            "storage_image_reference": [
              {
                "id": "",
                "offer": "ad-dc-2019",
                "publisher": "cloud-infrastructure-services",
                "sku": "ad-dc-2019",
                "version": "latest"
              }
            ],
            "storage_os_disk": [
              {
                "caching": "ReadWrite",
                "create_option": "FromImage",
                "disk_size_gb": 127,
                "image_uri": "",
                "managed_disk_id": "/subscriptions/faa0d560-6d01-471b-9df8-d1874621971f/resourceGroups/adeTesting-ResourceGroup/providers/Microsoft.Compute/disks/adeTesting-OsDisk",
                "managed_disk_type": "Standard_LRS",
                "name": "adeTesting-OsDisk",
                "os_type": "Windows",
                "vhd_uri": "",
                "write_accelerator_enabled": false
              }
            ],
            "tags": null,
            "timeouts": null,
            "vm_size": "Standard_A1_v2",
            "zones": null
          },
          "sensitive_attributes": [],
          "private": "eyJlMmJmYjczMC1lY2FhLTExZTYtOGY4OC0zNDM2M2JjN2M0YzAiOnsiY3JlYXRlIjozNjAwMDAwMDAwMDAwLCJkZWxldGUiOjM2MDAwMDAwMDAwMDAsInJlYWQiOjMwMDAwMDAwMDAwMCwidXBkYXRlIjozNjAwMDAwMDAwMDAwfX0=",
          "dependencies": [
            "azurerm_network_interface.nic",
            "azurerm_public_ip.publicip",
            "azurerm_resource_group.rg",
            "azurerm_subnet.subnet",
            "azurerm_virtual_network.vnet"
          ]
        }
      ]
    },
    {
      "mode": "managed",
      "type": "azurerm_virtual_network",
      "name": "vnet",
      "provider": "provider[\"registry.terraform.io/hashicorp/azurerm\"]",
      "instances": [
        {
          "schema_version": 0,
          "attributes": {
            "address_space": [
              "10.0.0.0/16"
            ],
            "bgp_community": "",
            "ddos_protection_plan": [],
            "dns_servers": null,
            "guid": "0001b8d0-5fee-47e5-8f0f-fb52ba97b32d",
            "id": "/subscriptions/faa0d560-6d01-471b-9df8-d1874621971f/resourceGroups/adeTesting-ResourceGroup/providers/Microsoft.Network/virtualNetworks/adeTesting-Vnet",
            "location": "northeurope",
            "name": "adeTesting-Vnet",
            "resource_group_name": "adeTesting-ResourceGroup",
            "subnet": [],
            "tags": null,
            "timeouts": null,
            "vm_protection_enabled": false
          },
          "sensitive_attributes": [],
          "private": "eyJlMmJmYjczMC1lY2FhLTExZTYtOGY4OC0zNDM2M2JjN2M0YzAiOnsiY3JlYXRlIjoxODAwMDAwMDAwMDAwLCJkZWxldGUiOjE4MDAwMDAwMDAwMDAsInJlYWQiOjMwMDAwMDAwMDAwMCwidXBkYXRlIjoxODAwMDAwMDAwMDAwfX0=",
          "dependencies": [
            "azurerm_resource_group.rg"
          ]
        }
      ]
    }
  ]
}
